
Microsoft Visual Studio Solution File, Format Version 12.00
# Visual Studio 15
VisualStudioVersion = 15.0.26403.3
MinimumVisualStudioVersion = 10.0.40219.1
Project("{FAE04EC0-301F-11D3-BF4B-00C04F79EFBC}") = "Interface", "Interface\Interface.csproj", "{65B0D4C3-2525-43AE-9EC4-D18FE6EDA055}"
EndProject
Project("{FAE04EC0-301F-11D3-BF4B-00C04F79EFBC}") = "Entity", "Entity\Entity.csproj", "{A0239464-F740-49D6-8B33-EE4917FC3BB7}"
EndProject
Project("{FAE04EC0-301F-11D3-BF4B-00C04F79EFBC}") = "Helper", "Helper\Helper.csproj", "{A0BB3A1E-EA95-4F39-94CA-1777B04D8825}"
EndProject
Project("{FAE04EC0-301F-11D3-BF4B-00C04F79EFBC}") = "HelperTests", "HelperTests\HelperTests.csproj", "{E8ED6CA4-EF6A-4B90-89F3-D5135ED146EE}"
EndProject
Project("{FAE04EC0-301F-11D3-BF4B-00C04F79EFBC}") = "Desktop", "UI of UIBE Volunteer Database\Desktop.csproj", "{FE4658AC-DE28-4912-99B6-F9F0F76EDACB}"
EndProject
Project("{FAE04EC0-301F-11D3-BF4B-00C04F79EFBC}") = "Website", "Website\Website.csproj", "{A872546B-0353-4424-9275-9E4902AE70A9}"
EndProject
Global
	GlobalSection(SolutionConfigurationPlatforms) = preSolution
		Debug|Any CPU = Debug|Any CPU
		Release|Any CPU = Release|Any CPU
	EndGlobalSection
	GlobalSection(ProjectConfigurationPlatforms) = postSolution
		{65B0D4C3-2525-43AE-9EC4-D18FE6EDA055}.Debug|Any CPU.ActiveCfg = Debug|Any CPU
		{65B0D4C3-2525-43AE-9EC4-D18FE6EDA055}.Debug|Any CPU.Build.0 = Debug|Any CPU
		{65B0D4C3-2525-43AE-9EC4-D18FE6EDA055}.Release|Any CPU.ActiveCfg = Release|Any CPU
		{65B0D4C3-2525-43AE-9EC4-D18FE6EDA055}.Release|Any CPU.Build.0 = Release|Any CPU
		{A0239464-F740-49D6-8B33-EE4917FC3BB7}.Debug|Any CPU.ActiveCfg = Debug|Any CPU
		{A0239464-F740-49D6-8B33-EE4917FC3BB7}.Debug|Any CPU.Build.0 = Debug|Any CPU
		{A0239464-F740-49D6-8B33-EE4917FC3BB7}.Release|Any CPU.ActiveCfg = Release|Any CPU
		{A0239464-F740-49D6-8B33-EE4917FC3BB7}.Release|Any CPU.Build.0 = Release|Any CPU
		{A0BB3A1E-EA95-4F39-94CA-1777B04D8825}.Debug|Any CPU.ActiveCfg = Debug|Any CPU
		{A0BB3A1E-EA95-4F39-94CA-1777B04D8825}.Debug|Any CPU.Build.0 = Debug|Any CPU
		{A0BB3A1E-EA95-4F39-94CA-1777B04D8825}.Release|Any CPU.ActiveCfg = Release|Any CPU
		{A0BB3A1E-EA95-4F39-94CA-1777B04D8825}.Release|Any CPU.Build.0 = Release|Any CPU
		{E8ED6CA4-EF6A-4B90-89F3-D5135ED146EE}.Debug|Any CPU.ActiveCfg = Debug|Any CPU
		{E8ED6CA4-EF6A-4B90-89F3-D5135ED146EE}.Debug|Any CPU.Build.0 = Debug|Any CPU
		{E8ED6CA4-EF6A-4B90-89F3-D5135ED146EE}.Release|Any CPU.ActiveCfg = Release|Any CPU
		{E8ED6CA4-EF6A-4B90-89F3-D5135ED146EE}.Release|Any CPU.Build.0 = Release|Any CPU
		{FE4658AC-DE28-4912-99B6-F9F0F76EDACB}.Debug|Any CPU.ActiveCfg = Debug|Any CPU
		{FE4658AC-DE28-4912-99B6-F9F0F76EDACB}.Debug|Any CPU.Build.0 = Debug|Any CPU
		{FE4658AC-DE28-4912-99B6-F9F0F76EDACB}.Release|Any CPU.ActiveCfg = Release|Any CPU
		{FE4658AC-DE28-4912-99B6-F9F0F76EDACB}.Release|Any CPU.Build.0 = Release|Any CPU
		{A872546B-0353-4424-9275-9E4902AE70A9}.Debug|Any CPU.ActiveCfg = Debug|Any CPU
		{A872546B-0353-4424-9275-9E4902AE70A9}.Debug|Any CPU.Build.0 = Debug|Any CPU
		{A872546B-0353-4424-9275-9E4902AE70A9}.Release|Any CPU.ActiveCfg = Release|Any CPU
		{A872546B-0353-4424-9275-9E4902AE70A9}.Release|Any CPU.Build.0 = Release|Any CPU
	EndGlobalSection
	GlobalSection(SolutionProperties) = preSolution
		HideSolutionNode = FALSE
	EndGlobalSection
EndGlobal
